
Microsoft Visual Studio Solution File, Format Version 12.00
# Visual Studio Version 17
VisualStudioVersion = 17.6.33829.357
MinimumVisualStudioVersion = 10.0.40219.1
Project("{FAE04EC0-301F-11D3-BF4B-00C04F79EFBC}") = "WinFormsApp1", "WinFormsApp1\WinFormsApp1.csproj", "{4AE97E82-97ED-44E3-8637-0A007F8E8ACA}"
EndProject
Global
	GlobalSection(SolutionConfigurationPlatforms) = preSolution
		Debug|Any CPU = Debug|Any CPU
		Release|Any CPU = Release|Any CPU
	EndGlobalSection
	GlobalSection(ProjectConfigurationPlatforms) = postSolution
		{4AE97E82-97ED-44E3-8637-0A007F8E8ACA}.Debug|Any CPU.ActiveCfg = Debug|Any CPU
		{4AE97E82-97ED-44E3-8637-0A007F8E8ACA}.Debug|Any CPU.Build.0 = Debug|Any CPU
		{4AE97E82-97ED-44E3-8637-0A007F8E8ACA}.Release|Any CPU.ActiveCfg = Release|Any CPU
		{4AE97E82-97ED-44E3-8637-0A007F8E8ACA}.Release|Any CPU.Build.0 = Release|Any CPU
	EndGlobalSection
	GlobalSection(SolutionProperties) = preSolution
		HideSolutionNode = FALSE
	EndGlobalSection
	GlobalSection(ExtensibilityGlobals) = postSolution
		SolutionGuid = {F773BC8E-AA84-488E-9123-26B9BBAAEC70}
	EndGlobalSection
EndGlobal
